// !$*UTF8*$!
{
	archiveVersion = 1;
	classes = {
	};
	objectVersion = 50;
	objects = {

/* Begin PBXBuildFile section */
		BE71812025C87EFA00E9BE0D /* Extension+Color.swift in Sources */ = {isa = PBXBuildFile; fileRef = BE71811F25C87EFA00E9BE0D /* Extension+Color.swift */; };
		BE71812425C8B37800E9BE0D /* FeaturedView.swift in Sources */ = {isa = PBXBuildFile; fileRef = BE71812325C8B37800E9BE0D /* FeaturedView.swift */; };
		BE71812825C8DE6800E9BE0D /* ItemDetailView.swift in Sources */ = {isa = PBXBuildFile; fileRef = BE71812725C8DE6800E9BE0D /* ItemDetailView.swift */; };
		BE71812B25C8E04500E9BE0D /* StoreDetailView.swift in Sources */ = {isa = PBXBuildFile; fileRef = BE71812A25C8E04500E9BE0D /* StoreDetailView.swift */; };
		BE98E26825C76CB0002603B6 /* AppDelegate.swift in Sources */ = {isa = PBXBuildFile; fileRef = BE98E26725C76CB0002603B6 /* AppDelegate.swift */; };
		BE98E26A25C76CB0002603B6 /* SceneDelegate.swift in Sources */ = {isa = PBXBuildFile; fileRef = BE98E26925C76CB0002603B6 /* SceneDelegate.swift */; };
		BE98E26C25C76CB0002603B6 /* ContentView.swift in Sources */ = {isa = PBXBuildFile; fileRef = BE98E26B25C76CB0002603B6 /* ContentView.swift */; };
		BE98E26E25C76CB1002603B6 /* Assets.xcassets in Resources */ = {isa = PBXBuildFile; fileRef = BE98E26D25C76CB1002603B6 /* Assets.xcassets */; };
		BE98E27125C76CB1002603B6 /* Preview Assets.xcassets in Resources */ = {isa = PBXBuildFile; fileRef = BE98E27025C76CB1002603B6 /* Preview Assets.xcassets */; };
		BE98E27425C76CB1002603B6 /* LaunchScreen.storyboard in Resources */ = {isa = PBXBuildFile; fileRef = BE98E27225C76CB1002603B6 /* LaunchScreen.storyboard */; };
		BE98E28025C76D03002603B6 /* StoreView.swift in Sources */ = {isa = PBXBuildFile; fileRef = BE98E27F25C76D03002603B6 /* StoreView.swift */; };
		BE98E28325C76F9E002603B6 /* Category.swift in Sources */ = {isa = PBXBuildFile; fileRef = BE98E28225C76F9E002603B6 /* Category.swift */; };
		BE98E28A25C78B97002603B6 /* ItemCell.swift in Sources */ = {isa = PBXBuildFile; fileRef = BE98E28925C78B97002603B6 /* ItemCell.swift */; };
		BE98E28D25C78BB7002603B6 /* ItemView.swift in Sources */ = {isa = PBXBuildFile; fileRef = BE98E28C25C78BB7002603B6 /* ItemView.swift */; };
		BE98E29725C79399002603B6 /* Item.swift in Sources */ = {isa = PBXBuildFile; fileRef = BE98E29625C79399002603B6 /* Item.swift */; };
		BE98E29F25C7B35F002603B6 /* SearchBar.swift in Sources */ = {isa = PBXBuildFile; fileRef = BE98E29E25C7B35F002603B6 /* SearchBar.swift */; };
		BE98E2A325C7CEB1002603B6 /* Store.swift in Sources */ = {isa = PBXBuildFile; fileRef = BE98E2A225C7CEB1002603B6 /* Store.swift */; };
		BE98E2A625C7D1E4002603B6 /* StoreCell.swift in Sources */ = {isa = PBXBuildFile; fileRef = BE98E2A525C7D1E4002603B6 /* StoreCell.swift */; };
		BED36EC825C94291001704C4 /* HomeView.swift in Sources */ = {isa = PBXBuildFile; fileRef = BED36EC725C94291001704C4 /* HomeView.swift */; };
		BED36ECD25C94880001704C4 /* TintOverlay.swift in Sources */ = {isa = PBXBuildFile; fileRef = BED36ECC25C94880001704C4 /* TintOverlay.swift */; };
/* End PBXBuildFile section */

/* Begin PBXFileReference section */
		BE71811F25C87EFA00E9BE0D /* Extension+Color.swift */ = {isa = PBXFileReference; lastKnownFileType = sourcecode.swift; path = "Extension+Color.swift"; sourceTree = "<group>"; };
		BE71812325C8B37800E9BE0D /* FeaturedView.swift */ = {isa = PBXFileReference; lastKnownFileType = sourcecode.swift; path = FeaturedView.swift; sourceTree = "<group>"; };
		BE71812725C8DE6800E9BE0D /* ItemDetailView.swift */ = {isa = PBXFileReference; lastKnownFileType = sourcecode.swift; path = ItemDetailView.swift; sourceTree = "<group>"; };
		BE71812A25C8E04500E9BE0D /* StoreDetailView.swift */ = {isa = PBXFileReference; lastKnownFileType = sourcecode.swift; path = StoreDetailView.swift; sourceTree = "<group>"; };
		BE98E26425C76CB0002603B6 /* HoneyCloneSwiftUI.app */ = {isa = PBXFileReference; explicitFileType = wrapper.application; includeInIndex = 0; path = HoneyCloneSwiftUI.app; sourceTree = BUILT_PRODUCTS_DIR; };
		BE98E26725C76CB0002603B6 /* AppDelegate.swift */ = {isa = PBXFileReference; lastKnownFileType = sourcecode.swift; path = AppDelegate.swift; sourceTree = "<group>"; };
		BE98E26925C76CB0002603B6 /* SceneDelegate.swift */ = {isa = PBXFileReference; lastKnownFileType = sourcecode.swift; path = SceneDelegate.swift; sourceTree = "<group>"; };
		BE98E26B25C76CB0002603B6 /* ContentView.swift */ = {isa = PBXFileReference; lastKnownFileType = sourcecode.swift; path = ContentView.swift; sourceTree = "<group>"; };
		BE98E26D25C76CB1002603B6 /* Assets.xcassets */ = {isa = PBXFileReference; lastKnownFileType = folder.assetcatalog; path = Assets.xcassets; sourceTree = "<group>"; };
		BE98E27025C76CB1002603B6 /* Preview Assets.xcassets */ = {isa = PBXFileReference; lastKnownFileType = folder.assetcatalog; path = "Preview Assets.xcassets"; sourceTree = "<group>"; };
		BE98E27325C76CB1002603B6 /* Base */ = {isa = PBXFileReference; lastKnownFileType = file.storyboard; name = Base; path = Base.lproj/LaunchScreen.storyboard; sourceTree = "<group>"; };
		BE98E27525C76CB1002603B6 /* Info.plist */ = {isa = PBXFileReference; lastKnownFileType = text.plist.xml; path = Info.plist; sourceTree = "<group>"; };
		BE98E27F25C76D03002603B6 /* StoreView.swift */ = {isa = PBXFileReference; lastKnownFileType = sourcecode.swift; path = StoreView.swift; sourceTree = "<group>"; };
		BE98E28225C76F9E002603B6 /* Category.swift */ = {isa = PBXFileReference; lastKnownFileType = sourcecode.swift; path = Category.swift; sourceTree = "<group>"; };
		BE98E28925C78B97002603B6 /* ItemCell.swift */ = {isa = PBXFileReference; lastKnownFileType = sourcecode.swift; path = ItemCell.swift; sourceTree = "<group>"; };
		BE98E28C25C78BB7002603B6 /* ItemView.swift */ = {isa = PBXFileReference; lastKnownFileType = sourcecode.swift; path = ItemView.swift; sourceTree = "<group>"; };
		BE98E29625C79399002603B6 /* Item.swift */ = {isa = PBXFileReference; lastKnownFileType = sourcecode.swift; path = Item.swift; sourceTree = "<group>"; };
		BE98E29E25C7B35F002603B6 /* SearchBar.swift */ = {isa = PBXFileReference; lastKnownFileType = sourcecode.swift; path = SearchBar.swift; sourceTree = "<group>"; };
		BE98E2A225C7CEB1002603B6 /* Store.swift */ = {isa = PBXFileReference; lastKnownFileType = sourcecode.swift; path = Store.swift; sourceTree = "<group>"; };
		BE98E2A525C7D1E4002603B6 /* StoreCell.swift */ = {isa = PBXFileReference; lastKnownFileType = sourcecode.swift; path = StoreCell.swift; sourceTree = "<group>"; };
		BED36EC725C94291001704C4 /* HomeView.swift */ = {isa = PBXFileReference; lastKnownFileType = sourcecode.swift; path = HomeView.swift; sourceTree = "<group>"; };
		BED36ECC25C94880001704C4 /* TintOverlay.swift */ = {isa = PBXFileReference; lastKnownFileType = sourcecode.swift; path = TintOverlay.swift; sourceTree = "<group>"; };
/* End PBXFileReference section */

/* Begin PBXFrameworksBuildPhase section */
		BE98E26125C76CB0002603B6 /* Frameworks */ = {
			isa = PBXFrameworksBuildPhase;
			buildActionMask = 2147483647;
			files = (
			);
			runOnlyForDeploymentPostprocessing = 0;
		};
/* End PBXFrameworksBuildPhase section */

/* Begin PBXGroup section */
		BE93AC7125C929770006D0B1 /* Model */ = {
			isa = PBXGroup;
			children = (
				BE98E28225C76F9E002603B6 /* Category.swift */,
				BE98E29625C79399002603B6 /* Item.swift */,
				BE98E2A225C7CEB1002603B6 /* Store.swift */,
			);
			path = Model;
			sourceTree = "<group>";
		};
		BE93AC7325C929D00006D0B1 /* View */ = {
			isa = PBXGroup;
			children = (
				BE98E26B25C76CB0002603B6 /* ContentView.swift */,
				BED36EC725C94291001704C4 /* HomeView.swift */,
				BE71812325C8B37800E9BE0D /* FeaturedView.swift */,
				BE98E27F25C76D03002603B6 /* StoreView.swift */,
				BE71812A25C8E04500E9BE0D /* StoreDetailView.swift */,
				BE98E28C25C78BB7002603B6 /* ItemView.swift */,
				BE71812725C8DE6800E9BE0D /* ItemDetailView.swift */,
				BE98E28925C78B97002603B6 /* ItemCell.swift */,
				BE98E2A525C7D1E4002603B6 /* StoreCell.swift */,
			);
			path = View;
			sourceTree = "<group>";
		};
		BE98E25B25C76CB0002603B6 = {
			isa = PBXGroup;
			children = (
				BE98E26625C76CB0002603B6 /* HoneyCloneSwiftUI */,
				BE98E26525C76CB0002603B6 /* Products */,
			);
			sourceTree = "<group>";
		};
		BE98E26525C76CB0002603B6 /* Products */ = {
			isa = PBXGroup;
			children = (
				BE98E26425C76CB0002603B6 /* HoneyCloneSwiftUI.app */,
			);
			name = Products;
			sourceTree = "<group>";
		};
		BE98E26625C76CB0002603B6 /* HoneyCloneSwiftUI */ = {
			isa = PBXGroup;
			children = (
				BE98E26725C76CB0002603B6 /* AppDelegate.swift */,
				BE98E26925C76CB0002603B6 /* SceneDelegate.swift */,
				BE71811F25C87EFA00E9BE0D /* Extension+Color.swift */,
				BE98E29E25C7B35F002603B6 /* SearchBar.swift */,
				BED36ECC25C94880001704C4 /* TintOverlay.swift */,
				BE93AC7125C929770006D0B1 /* Model */,
				BE93AC7325C929D00006D0B1 /* View */,
				BE98E26D25C76CB1002603B6 /* Assets.xcassets */,
				BE98E27225C76CB1002603B6 /* LaunchScreen.storyboard */,
				BE98E27525C76CB1002603B6 /* Info.plist */,
				BE98E26F25C76CB1002603B6 /* Preview Content */,
			);
			path = HoneyCloneSwiftUI;
			sourceTree = "<group>";
		};
		BE98E26F25C76CB1002603B6 /* Preview Content */ = {
			isa = PBXGroup;
			children = (
				BE98E27025C76CB1002603B6 /* Preview Assets.xcassets */,
			);
			path = "Preview Content";
			sourceTree = "<group>";
		};
/* End PBXGroup section */

/* Begin PBXNativeTarget section */
		BE98E26325C76CB0002603B6 /* HoneyCloneSwiftUI */ = {
			isa = PBXNativeTarget;
			buildConfigurationList = BE98E27825C76CB1002603B6 /* Build configuration list for PBXNativeTarget "HoneyCloneSwiftUI" */;
			buildPhases = (
				BE98E26025C76CB0002603B6 /* Sources */,
				BE98E26125C76CB0002603B6 /* Frameworks */,
				BE98E26225C76CB0002603B6 /* Resources */,
			);
			buildRules = (
			);
			dependencies = (
			);
			name = HoneyCloneSwiftUI;
			productName = HoneyCloneSwiftUI;
			productReference = BE98E26425C76CB0002603B6 /* HoneyCloneSwiftUI.app */;
			productType = "com.apple.product-type.application";
		};
/* End PBXNativeTarget section */

/* Begin PBXProject section */
		BE98E25C25C76CB0002603B6 /* Project object */ = {
			isa = PBXProject;
			attributes = {
				LastSwiftUpdateCheck = 1230;
				LastUpgradeCheck = 1230;
				TargetAttributes = {
					BE98E26325C76CB0002603B6 = {
						CreatedOnToolsVersion = 12.3;
					};
				};
			};
			buildConfigurationList = BE98E25F25C76CB0002603B6 /* Build configuration list for PBXProject "HoneyCloneSwiftUI" */;
			compatibilityVersion = "Xcode 9.3";
			developmentRegion = en;
			hasScannedForEncodings = 0;
			knownRegions = (
				en,
				Base,
			);
			mainGroup = BE98E25B25C76CB0002603B6;
			productRefGroup = BE98E26525C76CB0002603B6 /* Products */;
			projectDirPath = "";
			projectRoot = "";
			targets = (
				BE98E26325C76CB0002603B6 /* HoneyCloneSwiftUI */,
			);
		};
/* End PBXProject section */

/* Begin PBXResourcesBuildPhase section */
		BE98E26225C76CB0002603B6 /* Resources */ = {
			isa = PBXResourcesBuildPhase;
			buildActionMask = 2147483647;
			files = (
				BE98E27425C76CB1002603B6 /* LaunchScreen.storyboard in Resources */,
				BE98E27125C76CB1002603B6 /* Preview Assets.xcassets in Resources */,
				BE98E26E25C76CB1002603B6 /* Assets.xcassets in Resources */,
			);
			runOnlyForDeploymentPostprocessing = 0;
		};
/* End PBXResourcesBuildPhase section */

/* Begin PBXSourcesBuildPhase section */
		BE98E26025C76CB0002603B6 /* Sources */ = {
			isa = PBXSourcesBuildPhase;
			buildActionMask = 2147483647;
			files = (
				BE71812825C8DE6800E9BE0D /* ItemDetailView.swift in Sources */,
				BED36ECD25C94880001704C4 /* TintOverlay.swift in Sources */,
				BE98E29725C79399002603B6 /* Item.swift in Sources */,
				BE98E26825C76CB0002603B6 /* AppDelegate.swift in Sources */,
				BE98E2A325C7CEB1002603B6 /* Store.swift in Sources */,
				BED36EC825C94291001704C4 /* HomeView.swift in Sources */,
				BE98E26A25C76CB0002603B6 /* SceneDelegate.swift in Sources */,
				BE98E28A25C78B97002603B6 /* ItemCell.swift in Sources */,
				BE98E28025C76D03002603B6 /* StoreView.swift in Sources */,
				BE98E28325C76F9E002603B6 /* Category.swift in Sources */,
				BE98E28D25C78BB7002603B6 /* ItemView.swift in Sources */,
				BE71812025C87EFA00E9BE0D /* Extension+Color.swift in Sources */,
				BE71812B25C8E04500E9BE0D /* StoreDetailView.swift in Sources */,
				BE71812425C8B37800E9BE0D /* FeaturedView.swift in Sources */,
				BE98E26C25C76CB0002603B6 /* ContentView.swift in Sources */,
				BE98E2A625C7D1E4002603B6 /* StoreCell.swift in Sources */,
				BE98E29F25C7B35F002603B6 /* SearchBar.swift in Sources */,
			);
			runOnlyForDeploymentPostprocessing = 0;
		};
/* End PBXSourcesBuildPhase section */

/* Begin PBXVariantGroup section */
		BE98E27225C76CB1002603B6 /* LaunchScreen.storyboard */ = {
			isa = PBXVariantGroup;
			children = (
				BE98E27325C76CB1002603B6 /* Base */,
			);
			name = LaunchScreen.storyboard;
			sourceTree = "<group>";
		};
/* End PBXVariantGroup section */

/* Begin XCBuildConfiguration section */
		BE98E27625C76CB1002603B6 /* Debug */ = {
			isa = XCBuildConfiguration;
			buildSettings = {
				ALWAYS_SEARCH_USER_PATHS = NO;
				CLANG_ANALYZER_NONNULL = YES;
				CLANG_ANALYZER_NUMBER_OBJECT_CONVERSION = YES_AGGRESSIVE;
				CLANG_CXX_LANGUAGE_STANDARD = "gnu++14";
				CLANG_CXX_LIBRARY = "libc++";
				CLANG_ENABLE_MODULES = YES;
				CLANG_ENABLE_OBJC_ARC = YES;
				CLANG_ENABLE_OBJC_WEAK = YES;
				CLANG_WARN_BLOCK_CAPTURE_AUTORELEASING = YES;
				CLANG_WARN_BOOL_CONVERSION = YES;
				CLANG_WARN_COMMA = YES;
				CLANG_WARN_CONSTANT_CONVERSION = YES;
				CLANG_WARN_DEPRECATED_OBJC_IMPLEMENTATIONS = YES;
				CLANG_WARN_DIRECT_OBJC_ISA_USAGE = YES_ERROR;
				CLANG_WARN_DOCUMENTATION_COMMENTS = YES;
				CLANG_WARN_EMPTY_BODY = YES;
				CLANG_WARN_ENUM_CONVERSION = YES;
				CLANG_WARN_INFINITE_RECURSION = YES;
				CLANG_WARN_INT_CONVERSION = YES;
				CLANG_WARN_NON_LITERAL_NULL_CONVERSION = YES;
				CLANG_WARN_OBJC_IMPLICIT_RETAIN_SELF = YES;
				CLANG_WARN_OBJC_LITERAL_CONVERSION = YES;
				CLANG_WARN_OBJC_ROOT_CLASS = YES_ERROR;
				CLANG_WARN_QUOTED_INCLUDE_IN_FRAMEWORK_HEADER = YES;
				CLANG_WARN_RANGE_LOOP_ANALYSIS = YES;
				CLANG_WARN_STRICT_PROTOTYPES = YES;
				CLANG_WARN_SUSPICIOUS_MOVE = YES;
				CLANG_WARN_UNGUARDED_AVAILABILITY = YES_AGGRESSIVE;
				CLANG_WARN_UNREACHABLE_CODE = YES;
				CLANG_WARN__DUPLICATE_METHOD_MATCH = YES;
				COPY_PHASE_STRIP = NO;
				DEBUG_INFORMATION_FORMAT = dwarf;
				ENABLE_STRICT_OBJC_MSGSEND = YES;
				ENABLE_TESTABILITY = YES;
				GCC_C_LANGUAGE_STANDARD = gnu11;
				GCC_DYNAMIC_NO_PIC = NO;
				GCC_NO_COMMON_BLOCKS = YES;
				GCC_OPTIMIZATION_LEVEL = 0;
				GCC_PREPROCESSOR_DEFINITIONS = (
					"DEBUG=1",
					"$(inherited)",
				);
				GCC_WARN_64_TO_32_BIT_CONVERSION = YES;
				GCC_WARN_ABOUT_RETURN_TYPE = YES_ERROR;
				GCC_WARN_UNDECLARED_SELECTOR = YES;
				GCC_WARN_UNINITIALIZED_AUTOS = YES_AGGRESSIVE;
				GCC_WARN_UNUSED_FUNCTION = YES;
				GCC_WARN_UNUSED_VARIABLE = YES;
				IPHONEOS_DEPLOYMENT_TARGET = 14.3;
				MTL_ENABLE_DEBUG_INFO = INCLUDE_SOURCE;
				MTL_FAST_MATH = YES;
				ONLY_ACTIVE_ARCH = YES;
				SDKROOT = iphoneos;
				SWIFT_ACTIVE_COMPILATION_CONDITIONS = DEBUG;
				SWIFT_OPTIMIZATION_LEVEL = "-Onone";
			};
			name = Debug;
		};
		BE98E27725C76CB1002603B6 /* Release */ = {
			isa = XCBuildConfiguration;
			buildSettings = {
				ALWAYS_SEARCH_USER_PATHS = NO;
				CLANG_ANALYZER_NONNULL = YES;
				CLANG_ANALYZER_NUMBER_OBJECT_CONVERSION = YES_AGGRESSIVE;
				CLANG_CXX_LANGUAGE_STANDARD = "gnu++14";
				CLANG_CXX_LIBRARY = "libc++";
				CLANG_ENABLE_MODULES = YES;
				CLANG_ENABLE_OBJC_ARC = YES;
				CLANG_ENABLE_OBJC_WEAK = YES;
				CLANG_WARN_BLOCK_CAPTURE_AUTORELEASING = YES;
				CLANG_WARN_BOOL_CONVERSION = YES;
				CLANG_WARN_COMMA = YES;
				CLANG_WARN_CONSTANT_CONVERSION = YES;
				CLANG_WARN_DEPRECATED_OBJC_IMPLEMENTATIONS = YES;
				CLANG_WARN_DIRECT_OBJC_ISA_USAGE = YES_ERROR;
				CLANG_WARN_DOCUMENTATION_COMMENTS = YES;
				CLANG_WARN_EMPTY_BODY = YES;
				CLANG_WARN_ENUM_CONVERSION = YES;
				CLANG_WARN_INFINITE_RECURSION = YES;
				CLANG_WARN_INT_CONVERSION = YES;
				CLANG_WARN_NON_LITERAL_NULL_CONVERSION = YES;
				CLANG_WARN_OBJC_IMPLICIT_RETAIN_SELF = YES;
				CLANG_WARN_OBJC_LITERAL_CONVERSION = YES;
				CLANG_WARN_OBJC_ROOT_CLASS = YES_ERROR;
				CLANG_WARN_QUOTED_INCLUDE_IN_FRAMEWORK_HEADER = YES;
				CLANG_WARN_RANGE_LOOP_ANALYSIS = YES;
				CLANG_WARN_STRICT_PROTOTYPES = YES;
				CLANG_WARN_SUSPICIOUS_MOVE = YES;
				CLANG_WARN_UNGUARDED_AVAILABILITY = YES_AGGRESSIVE;
				CLANG_WARN_UNREACHABLE_CODE = YES;
				CLANG_WARN__DUPLICATE_METHOD_MATCH = YES;
				COPY_PHASE_STRIP = NO;
				DEBUG_INFORMATION_FORMAT = "dwarf-with-dsym";
				ENABLE_NS_ASSERTIONS = NO;
				ENABLE_STRICT_OBJC_MSGSEND = YES;
				GCC_C_LANGUAGE_STANDARD = gnu11;
				GCC_NO_COMMON_BLOCKS = YES;
				GCC_WARN_64_TO_32_BIT_CONVERSION = YES;
				GCC_WARN_ABOUT_RETURN_TYPE = YES_ERROR;
				GCC_WARN_UNDECLARED_SELECTOR = YES;
				GCC_WARN_UNINITIALIZED_AUTOS = YES_AGGRESSIVE;
				GCC_WARN_UNUSED_FUNCTION = YES;
				GCC_WARN_UNUSED_VARIABLE = YES;
				IPHONEOS_DEPLOYMENT_TARGET = 14.3;
				MTL_ENABLE_DEBUG_INFO = NO;
				MTL_FAST_MATH = YES;
				SDKROOT = iphoneos;
				SWIFT_COMPILATION_MODE = wholemodule;
				SWIFT_OPTIMIZATION_LEVEL = "-O";
				VALIDATE_PRODUCT = YES;
			};
			name = Release;
		};
		BE98E27925C76CB1002603B6 /* Debug */ = {
			isa = XCBuildConfiguration;
			buildSettings = {
				ASSETCATALOG_COMPILER_APPICON_NAME = AppIcon;
				ASSETCATALOG_COMPILER_GLOBAL_ACCENT_COLOR_NAME = AccentColor;
				CODE_SIGN_STYLE = Automatic;
				DEVELOPMENT_ASSET_PATHS = "\"HoneyCloneSwiftUI/Preview Content\"";
				DEVELOPMENT_TEAM = B5D85LZH9D;
				ENABLE_PREVIEWS = YES;
				INFOPLIST_FILE = HoneyCloneSwiftUI/Info.plist;
				IPHONEOS_DEPLOYMENT_TARGET = 14.0;
				LD_RUNPATH_SEARCH_PATHS = (
					"$(inherited)",
					"@executable_path/Frameworks",
				);
				PRODUCT_BUNDLE_IDENTIFIER = com.kismetdevelopment.HoneyCloneSwiftUI;
				PRODUCT_NAME = "$(TARGET_NAME)";
				SWIFT_VERSION = 5.0;
				TARGETED_DEVICE_FAMILY = 1;
			};
			name = Debug;
		};
		BE98E27A25C76CB1002603B6 /* Release */ = {
			isa = XCBuildConfiguration;
			buildSettings = {
				ASSETCATALOG_COMPILER_APPICON_NAME = AppIcon;
				ASSETCATALOG_COMPILER_GLOBAL_ACCENT_COLOR_NAME = AccentColor;
				CODE_SIGN_STYLE = Automatic;
				DEVELOPMENT_ASSET_PATHS = "\"HoneyCloneSwiftUI/Preview Content\"";
				DEVELOPMENT_TEAM = B5D85LZH9D;
				ENABLE_PREVIEWS = YES;
				INFOPLIST_FILE = HoneyCloneSwiftUI/Info.plist;
				IPHONEOS_DEPLOYMENT_TARGET = 14.0;
				LD_RUNPATH_SEARCH_PATHS = (
					"$(inherited)",
					"@executable_path/Frameworks",
				);
				PRODUCT_BUNDLE_IDENTIFIER = com.kismetdevelopment.HoneyCloneSwiftUI;
				PRODUCT_NAME = "$(TARGET_NAME)";
				SWIFT_VERSION = 5.0;
				TARGETED_DEVICE_FAMILY = 1;
			};
			name = Release;
		};
/* End XCBuildConfiguration section */

/* Begin XCConfigurationList section */
		BE98E25F25C76CB0002603B6 /* Build configuration list for PBXProject "HoneyCloneSwiftUI" */ = {
			isa = XCConfigurationList;
			buildConfigurations = (
				BE98E27625C76CB1002603B6 /* Debug */,
				BE98E27725C76CB1002603B6 /* Release */,
			);
			defaultConfigurationIsVisible = 0;
			defaultConfigurationName = Release;
		};
		BE98E27825C76CB1002603B6 /* Build configuration list for PBXNativeTarget "HoneyCloneSwiftUI" */ = {
			isa = XCConfigurationList;
			buildConfigurations = (
				BE98E27925C76CB1002603B6 /* Debug */,
				BE98E27A25C76CB1002603B6 /* Release */,
			);
			defaultConfigurationIsVisible = 0;
			defaultConfigurationName = Release;
		};
/* End XCConfigurationList section */
	};
	rootObject = BE98E25C25C76CB0002603B6 /* Project object */;
}
